
Microsoft Visual Studio Solution File, Format Version 12.00
# Visual Studio 15
VisualStudioVersion = 15.0.28010.2026
MinimumVisualStudioVersion = 10.0.40219.1
Project("{FAE04EC0-301F-11D3-BF4B-00C04F79EFBC}") = "mineClass", "mineClass\mineClass.csproj", "{7EB11AC2-9D56-48C3-B8D4-0747BA71B907}"
EndProject
Project("{FAE04EC0-301F-11D3-BF4B-00C04F79EFBC}") = "mineSweeperGUI", "mineSweeperGUI\mineSweeperGUI.csproj", "{752D9DA2-3C9C-477C-A5BE-EF4015A7D827}"
EndProject
Global
	GlobalSection(SolutionConfigurationPlatforms) = preSolution
		Debug|Any CPU = Debug|Any CPU
		Release|Any CPU = Release|Any CPU
	EndGlobalSection
	GlobalSection(ProjectConfigurationPlatforms) = postSolution
		{7EB11AC2-9D56-48C3-B8D4-0747BA71B907}.Debug|Any CPU.ActiveCfg = Debug|Any CPU
		{7EB11AC2-9D56-48C3-B8D4-0747BA71B907}.Debug|Any CPU.Build.0 = Debug|Any CPU
		{7EB11AC2-9D56-48C3-B8D4-0747BA71B907}.Release|Any CPU.ActiveCfg = Release|Any CPU
		{7EB11AC2-9D56-48C3-B8D4-0747BA71B907}.Release|Any CPU.Build.0 = Release|Any CPU
		{752D9DA2-3C9C-477C-A5BE-EF4015A7D827}.Debug|Any CPU.ActiveCfg = Debug|Any CPU
		{752D9DA2-3C9C-477C-A5BE-EF4015A7D827}.Debug|Any CPU.Build.0 = Debug|Any CPU
		{752D9DA2-3C9C-477C-A5BE-EF4015A7D827}.Release|Any CPU.ActiveCfg = Release|Any CPU
		{752D9DA2-3C9C-477C-A5BE-EF4015A7D827}.Release|Any CPU.Build.0 = Release|Any CPU
	EndGlobalSection
	GlobalSection(SolutionProperties) = preSolution
		HideSolutionNode = FALSE
	EndGlobalSection
	GlobalSection(ExtensibilityGlobals) = postSolution
		SolutionGuid = {FA6F23D9-C0B4-45C6-9F13-54066512B9C1}
	EndGlobalSection
EndGlobal
